// !$*UTF8*$!
{
	archiveVersion = 1;
	classes = {
	};
	objectVersion = 50;
	objects = {

/* Begin PBXBuildFile section */
		2203BA1223EE2533007105AF /* AppDelegate.swift in Sources */ = {isa = PBXBuildFile; fileRef = 2203BA1123EE2533007105AF /* AppDelegate.swift */; };
		2203BA1423EE2539007105AF /* Assets.xcassets in Resources */ = {isa = PBXBuildFile; fileRef = 2203BA1323EE2539007105AF /* Assets.xcassets */; };
		2203BA1723EE2539007105AF /* LaunchScreen.storyboard in Resources */ = {isa = PBXBuildFile; fileRef = 2203BA1523EE2539007105AF /* LaunchScreen.storyboard */; };
		2203BA2D23EE2539007105AF /* ContactsEntryViewControllerUITests.swift in Sources */ = {isa = PBXBuildFile; fileRef = 2203BA2C23EE2539007105AF /* ContactsEntryViewControllerUITests.swift */; };
		2203BA3C23EE2A69007105AF /* Contact.swift in Sources */ = {isa = PBXBuildFile; fileRef = 2203BA3B23EE2A69007105AF /* Contact.swift */; };
		2203BA3E23EE2A9C007105AF /* ContactTests.swift in Sources */ = {isa = PBXBuildFile; fileRef = 2203BA3D23EE2A9C007105AF /* ContactTests.swift */; };
		222B4F502413A10900CF620A /* ContactsServiceTests.swift in Sources */ = {isa = PBXBuildFile; fileRef = 222B4F4F2413A10900CF620A /* ContactsServiceTests.swift */; };
		222B4F532413A21900CF620A /* data.json in Resources */ = {isa = PBXBuildFile; fileRef = 222B4F522413A21900CF620A /* data.json */; };
		222B4F552413A3D200CF620A /* ContactsService.swift in Sources */ = {isa = PBXBuildFile; fileRef = 222B4F542413A3D200CF620A /* ContactsService.swift */; };
		222B4F582413CF6600CF620A /* ContactListCoordinator.swift in Sources */ = {isa = PBXBuildFile; fileRef = 222B4F572413CF6600CF620A /* ContactListCoordinator.swift */; };
		222B4F5C2413D05200CF620A /* ContactListViewController.swift in Sources */ = {isa = PBXBuildFile; fileRef = 222B4F5A2413D05200CF620A /* ContactListViewController.swift */; };
		222B4F5D2413D05200CF620A /* ContactListViewController.xib in Resources */ = {isa = PBXBuildFile; fileRef = 222B4F5B2413D05200CF620A /* ContactListViewController.xib */; };
		222B4F5F2413D3DB00CF620A /* ContactListPresenter.swift in Sources */ = {isa = PBXBuildFile; fileRef = 222B4F5E2413D3DB00CF620A /* ContactListPresenter.swift */; };
		222B4F612413D56700CF620A /* ContactListModel.swift in Sources */ = {isa = PBXBuildFile; fileRef = 222B4F602413D56700CF620A /* ContactListModel.swift */; };
		222B4F642413DADF00CF620A /* ContactListCell.swift in Sources */ = {isa = PBXBuildFile; fileRef = 222B4F622413DADF00CF620A /* ContactListCell.swift */; };
		222B4F652413DADF00CF620A /* ContactListCell.xib in Resources */ = {isa = PBXBuildFile; fileRef = 222B4F632413DADF00CF620A /* ContactListCell.xib */; };
		222B4F682413DF6A00CF620A /* CircleView.swift in Sources */ = {isa = PBXBuildFile; fileRef = 222B4F672413DF6A00CF620A /* CircleView.swift */; };
		228125C823EE5A460037236E /* ContactEntryModel.swift in Sources */ = {isa = PBXBuildFile; fileRef = 228125C723EE5A460037236E /* ContactEntryModel.swift */; };
		228125CA23EE5A880037236E /* EntryField.swift in Sources */ = {isa = PBXBuildFile; fileRef = 228125C923EE5A880037236E /* EntryField.swift */; };
		228125CC23EE5A940037236E /* EntryGroup.swift in Sources */ = {isa = PBXBuildFile; fileRef = 228125CB23EE5A940037236E /* EntryGroup.swift */; };
		228125D023EE5B340037236E /* ContactEntryModelTests.swift in Sources */ = {isa = PBXBuildFile; fileRef = 228125CF23EE5B340037236E /* ContactEntryModelTests.swift */; };
		228125D323EE90530037236E /* EntryFieldTableViewCell.swift in Sources */ = {isa = PBXBuildFile; fileRef = 228125D123EE90530037236E /* EntryFieldTableViewCell.swift */; };
		228125D423EE90530037236E /* EntryFieldTableViewCell.xib in Resources */ = {isa = PBXBuildFile; fileRef = 228125D223EE90530037236E /* EntryFieldTableViewCell.xib */; };
		228125D723EE96300037236E /* ContactEntryViewController.swift in Sources */ = {isa = PBXBuildFile; fileRef = 228125D523EE96300037236E /* ContactEntryViewController.swift */; };
		228125D823EE96300037236E /* ContactEntryViewController.xib in Resources */ = {isa = PBXBuildFile; fileRef = 228125D623EE96300037236E /* ContactEntryViewController.xib */; };
		228125DA23EF7EA90037236E /* ContactEntryPresenter.swift in Sources */ = {isa = PBXBuildFile; fileRef = 228125D923EF7EA90037236E /* ContactEntryPresenter.swift */; };
		228125DC23EF82570037236E /* ContactEntryPresenterTests.swift in Sources */ = {isa = PBXBuildFile; fileRef = 228125DB23EF82570037236E /* ContactEntryPresenterTests.swift */; };
		22D6E25126E47F830075469A /* UIColor+BrandColor.swift in Sources */ = {isa = PBXBuildFile; fileRef = 22D6E25026E47F830075469A /* UIColor+BrandColor.swift */; };
		22D6E25326E480E10075469A /* OrangeDotTableHeaderView.swift in Sources */ = {isa = PBXBuildFile; fileRef = 22D6E25226E480E10075469A /* OrangeDotTableHeaderView.swift */; };
/* End PBXBuildFile section */

/* Begin PBXContainerItemProxy section */
		2203BA1E23EE2539007105AF /* PBXContainerItemProxy */ = {
			isa = PBXContainerItemProxy;
			containerPortal = 2203BA0623EE2532007105AF /* Project object */;
			proxyType = 1;
			remoteGlobalIDString = 2203BA0D23EE2533007105AF;
			remoteInfo = ContactsManager;
		};
		2203BA2923EE2539007105AF /* PBXContainerItemProxy */ = {
			isa = PBXContainerItemProxy;
			containerPortal = 2203BA0623EE2532007105AF /* Project object */;
			proxyType = 1;
			remoteGlobalIDString = 2203BA0D23EE2533007105AF;
			remoteInfo = ContactsManager;
		};
/* End PBXContainerItemProxy section */

/* Begin PBXFileReference section */
		2203BA0E23EE2533007105AF /* ContactsManager.app */ = {isa = PBXFileReference; explicitFileType = wrapper.application; includeInIndex = 0; path = ContactsManager.app; sourceTree = BUILT_PRODUCTS_DIR; };
		2203BA1123EE2533007105AF /* AppDelegate.swift */ = {isa = PBXFileReference; lastKnownFileType = sourcecode.swift; path = AppDelegate.swift; sourceTree = "<group>"; };
		2203BA1323EE2539007105AF /* Assets.xcassets */ = {isa = PBXFileReference; lastKnownFileType = folder.assetcatalog; path = Assets.xcassets; sourceTree = "<group>"; };
		2203BA1623EE2539007105AF /* Base */ = {isa = PBXFileReference; lastKnownFileType = file.storyboard; name = Base; path = Base.lproj/LaunchScreen.storyboard; sourceTree = "<group>"; };
		2203BA1823EE2539007105AF /* Info.plist */ = {isa = PBXFileReference; lastKnownFileType = text.plist.xml; path = Info.plist; sourceTree = "<group>"; };
		2203BA1D23EE2539007105AF /* ContactsManagerTests.xctest */ = {isa = PBXFileReference; explicitFileType = wrapper.cfbundle; includeInIndex = 0; path = ContactsManagerTests.xctest; sourceTree = BUILT_PRODUCTS_DIR; };
		2203BA2323EE2539007105AF /* Info.plist */ = {isa = PBXFileReference; lastKnownFileType = text.plist.xml; path = Info.plist; sourceTree = "<group>"; };
		2203BA2823EE2539007105AF /* ContactsManagerUITests.xctest */ = {isa = PBXFileReference; explicitFileType = wrapper.cfbundle; includeInIndex = 0; path = ContactsManagerUITests.xctest; sourceTree = BUILT_PRODUCTS_DIR; };
		2203BA2C23EE2539007105AF /* ContactsEntryViewControllerUITests.swift */ = {isa = PBXFileReference; lastKnownFileType = sourcecode.swift; path = ContactsEntryViewControllerUITests.swift; sourceTree = "<group>"; };
		2203BA2E23EE2539007105AF /* Info.plist */ = {isa = PBXFileReference; lastKnownFileType = text.plist.xml; path = Info.plist; sourceTree = "<group>"; };
		2203BA3B23EE2A69007105AF /* Contact.swift */ = {isa = PBXFileReference; lastKnownFileType = sourcecode.swift; path = Contact.swift; sourceTree = "<group>"; };
		2203BA3D23EE2A9C007105AF /* ContactTests.swift */ = {isa = PBXFileReference; lastKnownFileType = sourcecode.swift; path = ContactTests.swift; sourceTree = "<group>"; };
		222B4F4F2413A10900CF620A /* ContactsServiceTests.swift */ = {isa = PBXFileReference; lastKnownFileType = sourcecode.swift; path = ContactsServiceTests.swift; sourceTree = "<group>"; };
		222B4F522413A21900CF620A /* data.json */ = {isa = PBXFileReference; fileEncoding = 4; lastKnownFileType = text.json; path = data.json; sourceTree = "<group>"; };
		222B4F542413A3D200CF620A /* ContactsService.swift */ = {isa = PBXFileReference; lastKnownFileType = sourcecode.swift; path = ContactsService.swift; sourceTree = "<group>"; };
		222B4F572413CF6600CF620A /* ContactListCoordinator.swift */ = {isa = PBXFileReference; lastKnownFileType = sourcecode.swift; path = ContactListCoordinator.swift; sourceTree = "<group>"; };
		222B4F5A2413D05200CF620A /* ContactListViewController.swift */ = {isa = PBXFileReference; lastKnownFileType = sourcecode.swift; path = ContactListViewController.swift; sourceTree = "<group>"; };
		222B4F5B2413D05200CF620A /* ContactListViewController.xib */ = {isa = PBXFileReference; lastKnownFileType = file.xib; path = ContactListViewController.xib; sourceTree = "<group>"; };
		222B4F5E2413D3DB00CF620A /* ContactListPresenter.swift */ = {isa = PBXFileReference; lastKnownFileType = sourcecode.swift; path = ContactListPresenter.swift; sourceTree = "<group>"; };
		222B4F602413D56700CF620A /* ContactListModel.swift */ = {isa = PBXFileReference; lastKnownFileType = sourcecode.swift; path = ContactListModel.swift; sourceTree = "<group>"; };
		222B4F622413DADF00CF620A /* ContactListCell.swift */ = {isa = PBXFileReference; lastKnownFileType = sourcecode.swift; path = ContactListCell.swift; sourceTree = "<group>"; };
		222B4F632413DADF00CF620A /* ContactListCell.xib */ = {isa = PBXFileReference; lastKnownFileType = file.xib; path = ContactListCell.xib; sourceTree = "<group>"; };
		222B4F672413DF6A00CF620A /* CircleView.swift */ = {isa = PBXFileReference; lastKnownFileType = sourcecode.swift; path = CircleView.swift; sourceTree = "<group>"; };
		228125C723EE5A460037236E /* ContactEntryModel.swift */ = {isa = PBXFileReference; lastKnownFileType = sourcecode.swift; path = ContactEntryModel.swift; sourceTree = "<group>"; };
		228125C923EE5A880037236E /* EntryField.swift */ = {isa = PBXFileReference; lastKnownFileType = sourcecode.swift; path = EntryField.swift; sourceTree = "<group>"; };
		228125CB23EE5A940037236E /* EntryGroup.swift */ = {isa = PBXFileReference; lastKnownFileType = sourcecode.swift; path = EntryGroup.swift; sourceTree = "<group>"; };
		228125CF23EE5B340037236E /* ContactEntryModelTests.swift */ = {isa = PBXFileReference; lastKnownFileType = sourcecode.swift; path = ContactEntryModelTests.swift; sourceTree = "<group>"; };
		228125D123EE90530037236E /* EntryFieldTableViewCell.swift */ = {isa = PBXFileReference; lastKnownFileType = sourcecode.swift; path = EntryFieldTableViewCell.swift; sourceTree = "<group>"; };
		228125D223EE90530037236E /* EntryFieldTableViewCell.xib */ = {isa = PBXFileReference; lastKnownFileType = file.xib; path = EntryFieldTableViewCell.xib; sourceTree = "<group>"; };
		228125D523EE96300037236E /* ContactEntryViewController.swift */ = {isa = PBXFileReference; lastKnownFileType = sourcecode.swift; path = ContactEntryViewController.swift; sourceTree = "<group>"; };
		228125D623EE96300037236E /* ContactEntryViewController.xib */ = {isa = PBXFileReference; lastKnownFileType = file.xib; path = ContactEntryViewController.xib; sourceTree = "<group>"; };
		228125D923EF7EA90037236E /* ContactEntryPresenter.swift */ = {isa = PBXFileReference; lastKnownFileType = sourcecode.swift; path = ContactEntryPresenter.swift; sourceTree = "<group>"; };
		228125DB23EF82570037236E /* ContactEntryPresenterTests.swift */ = {isa = PBXFileReference; lastKnownFileType = sourcecode.swift; path = ContactEntryPresenterTests.swift; sourceTree = "<group>"; };
		22D6E25026E47F830075469A /* UIColor+BrandColor.swift */ = {isa = PBXFileReference; lastKnownFileType = sourcecode.swift; path = "UIColor+BrandColor.swift"; sourceTree = "<group>"; };
		22D6E25226E480E10075469A /* OrangeDotTableHeaderView.swift */ = {isa = PBXFileReference; lastKnownFileType = sourcecode.swift; path = OrangeDotTableHeaderView.swift; sourceTree = "<group>"; };
/* End PBXFileReference section */

/* Begin PBXFrameworksBuildPhase section */
		2203BA0B23EE2533007105AF /* Frameworks */ = {
			isa = PBXFrameworksBuildPhase;
			buildActionMask = 2147483647;
			files = (
			);
			runOnlyForDeploymentPostprocessing = 0;
		};
		2203BA1A23EE2539007105AF /* Frameworks */ = {
			isa = PBXFrameworksBuildPhase;
			buildActionMask = 2147483647;
			files = (
			);
			runOnlyForDeploymentPostprocessing = 0;
		};
		2203BA2523EE2539007105AF /* Frameworks */ = {
			isa = PBXFrameworksBuildPhase;
			buildActionMask = 2147483647;
			files = (
			);
			runOnlyForDeploymentPostprocessing = 0;
		};
/* End PBXFrameworksBuildPhase section */

/* Begin PBXGroup section */
		2203BA0523EE2532007105AF = {
			isa = PBXGroup;
			children = (
				2203BA1023EE2533007105AF /* ContactsManager */,
				2203BA2023EE2539007105AF /* ContactsManagerTests */,
				2203BA2B23EE2539007105AF /* ContactsManagerUITests */,
				2203BA0F23EE2533007105AF /* Products */,
			);
			sourceTree = "<group>";
		};
		2203BA0F23EE2533007105AF /* Products */ = {
			isa = PBXGroup;
			children = (
				2203BA0E23EE2533007105AF /* ContactsManager.app */,
				2203BA1D23EE2539007105AF /* ContactsManagerTests.xctest */,
				2203BA2823EE2539007105AF /* ContactsManagerUITests.xctest */,
			);
			name = Products;
			sourceTree = "<group>";
		};
		2203BA1023EE2533007105AF /* ContactsManager */ = {
			isa = PBXGroup;
			children = (
				222B4F662413DF5200CF620A /* Branding */,
				222B4F562413CDE400CF620A /* Coordinator */,
				222B4F512413A1EC00CF620A /* Resources */,
				228125C523EE5A100037236E /* Contacts View */,
				2203BA3A23EE2794007105AF /* Shared Models */,
				2203BA1123EE2533007105AF /* AppDelegate.swift */,
				2203BA1323EE2539007105AF /* Assets.xcassets */,
				2203BA1523EE2539007105AF /* LaunchScreen.storyboard */,
				2203BA1823EE2539007105AF /* Info.plist */,
			);
			path = ContactsManager;
			sourceTree = "<group>";
		};
		2203BA2023EE2539007105AF /* ContactsManagerTests */ = {
			isa = PBXGroup;
			children = (
				228125CD23EE5B100037236E /* Contacts Views */,
				2203BA2323EE2539007105AF /* Info.plist */,
				2203BA3D23EE2A9C007105AF /* ContactTests.swift */,
			);
			path = ContactsManagerTests;
			sourceTree = "<group>";
		};
		2203BA2B23EE2539007105AF /* ContactsManagerUITests */ = {
			isa = PBXGroup;
			children = (
				2203BA2C23EE2539007105AF /* ContactsEntryViewControllerUITests.swift */,
				2203BA2E23EE2539007105AF /* Info.plist */,
			);
			path = ContactsManagerUITests;
			sourceTree = "<group>";
		};
		2203BA3A23EE2794007105AF /* Shared Models */ = {
			isa = PBXGroup;
			children = (
				2203BA3B23EE2A69007105AF /* Contact.swift */,
			);
			path = "Shared Models";
			sourceTree = "<group>";
		};
		222B4F4D2413A0BD00CF620A /* Retrieval */ = {
			isa = PBXGroup;
			children = (
				222B4F542413A3D200CF620A /* ContactsService.swift */,
			);
			path = Retrieval;
			sourceTree = "<group>";
		};
		222B4F4E2413A0C600CF620A /* Retrieval */ = {
			isa = PBXGroup;
			children = (
				222B4F4F2413A10900CF620A /* ContactsServiceTests.swift */,
			);
			path = Retrieval;
			sourceTree = "<group>";
		};
		222B4F512413A1EC00CF620A /* Resources */ = {
			isa = PBXGroup;
			children = (
				222B4F522413A21900CF620A /* data.json */,
			);
			path = Resources;
			sourceTree = "<group>";
		};
		222B4F562413CDE400CF620A /* Coordinator */ = {
			isa = PBXGroup;
			children = (
				222B4F572413CF6600CF620A /* ContactListCoordinator.swift */,
			);
			path = Coordinator;
			sourceTree = "<group>";
		};
		222B4F592413CFD900CF620A /* ContactList */ = {
			isa = PBXGroup;
			children = (
				222B4F5A2413D05200CF620A /* ContactListViewController.swift */,
				222B4F5B2413D05200CF620A /* ContactListViewController.xib */,
				222B4F5E2413D3DB00CF620A /* ContactListPresenter.swift */,
				222B4F602413D56700CF620A /* ContactListModel.swift */,
				222B4F622413DADF00CF620A /* ContactListCell.swift */,
				222B4F632413DADF00CF620A /* ContactListCell.xib */,
			);
			path = ContactList;
			sourceTree = "<group>";
		};
		222B4F662413DF5200CF620A /* Branding */ = {
			isa = PBXGroup;
			children = (
				222B4F672413DF6A00CF620A /* CircleView.swift */,
				22D6E25026E47F830075469A /* UIColor+BrandColor.swift */,
			);
			path = Branding;
			sourceTree = "<group>";
		};
		228125C523EE5A100037236E /* Contacts View */ = {
			isa = PBXGroup;
			children = (
				222B4F592413CFD900CF620A /* ContactList */,
				222B4F4D2413A0BD00CF620A /* Retrieval */,
				228125C623EE5A2D0037236E /* ContactsEntry */,
			);
			path = "Contacts View";
			sourceTree = "<group>";
		};
		228125C623EE5A2D0037236E /* ContactsEntry */ = {
			isa = PBXGroup;
			children = (
				228125C723EE5A460037236E /* ContactEntryModel.swift */,
				228125C923EE5A880037236E /* EntryField.swift */,
				228125CB23EE5A940037236E /* EntryGroup.swift */,
				228125D123EE90530037236E /* EntryFieldTableViewCell.swift */,
				228125D223EE90530037236E /* EntryFieldTableViewCell.xib */,
				228125D523EE96300037236E /* ContactEntryViewController.swift */,
				228125D623EE96300037236E /* ContactEntryViewController.xib */,
				228125D923EF7EA90037236E /* ContactEntryPresenter.swift */,
				22D6E25226E480E10075469A /* OrangeDotTableHeaderView.swift */,
			);
			path = ContactsEntry;
			sourceTree = "<group>";
		};
		228125CD23EE5B100037236E /* Contacts Views */ = {
			isa = PBXGroup;
			children = (
				222B4F4E2413A0C600CF620A /* Retrieval */,
				228125CE23EE5B1F0037236E /* ContactsEntry */,
			);
			path = "Contacts Views";
			sourceTree = "<group>";
		};
		228125CE23EE5B1F0037236E /* ContactsEntry */ = {
			isa = PBXGroup;
			children = (
				228125DB23EF82570037236E /* ContactEntryPresenterTests.swift */,
				228125CF23EE5B340037236E /* ContactEntryModelTests.swift */,
			);
			path = ContactsEntry;
			sourceTree = "<group>";
		};
/* End PBXGroup section */

/* Begin PBXNativeTarget section */
		2203BA0D23EE2533007105AF /* ContactsManager */ = {
			isa = PBXNativeTarget;
			buildConfigurationList = 2203BA3123EE2539007105AF /* Build configuration list for PBXNativeTarget "ContactsManager" */;
			buildPhases = (
				2203BA0A23EE2533007105AF /* Sources */,
				2203BA0B23EE2533007105AF /* Frameworks */,
				2203BA0C23EE2533007105AF /* Resources */,
			);
			buildRules = (
			);
			dependencies = (
			);
			name = ContactsManager;
			productName = ContactsManager;
			productReference = 2203BA0E23EE2533007105AF /* ContactsManager.app */;
			productType = "com.apple.product-type.application";
		};
		2203BA1C23EE2539007105AF /* ContactsManagerTests */ = {
			isa = PBXNativeTarget;
			buildConfigurationList = 2203BA3423EE2539007105AF /* Build configuration list for PBXNativeTarget "ContactsManagerTests" */;
			buildPhases = (
				2203BA1923EE2539007105AF /* Sources */,
				2203BA1A23EE2539007105AF /* Frameworks */,
				2203BA1B23EE2539007105AF /* Resources */,
			);
			buildRules = (
			);
			dependencies = (
				2203BA1F23EE2539007105AF /* PBXTargetDependency */,
			);
			name = ContactsManagerTests;
			productName = ContactsManagerTests;
			productReference = 2203BA1D23EE2539007105AF /* ContactsManagerTests.xctest */;
			productType = "com.apple.product-type.bundle.unit-test";
		};
		2203BA2723EE2539007105AF /* ContactsManagerUITests */ = {
			isa = PBXNativeTarget;
			buildConfigurationList = 2203BA3723EE2539007105AF /* Build configuration list for PBXNativeTarget "ContactsManagerUITests" */;
			buildPhases = (
				2203BA2423EE2539007105AF /* Sources */,
				2203BA2523EE2539007105AF /* Frameworks */,
				2203BA2623EE2539007105AF /* Resources */,
			);
			buildRules = (
			);
			dependencies = (
				2203BA2A23EE2539007105AF /* PBXTargetDependency */,
			);
			name = ContactsManagerUITests;
			productName = ContactsManagerUITests;
			productReference = 2203BA2823EE2539007105AF /* ContactsManagerUITests.xctest */;
			productType = "com.apple.product-type.bundle.ui-testing";
		};
/* End PBXNativeTarget section */

/* Begin PBXProject section */
		2203BA0623EE2532007105AF /* Project object */ = {
			isa = PBXProject;
			attributes = {
				LastSwiftUpdateCheck = 1130;
				LastUpgradeCheck = 1250;
				ORGANIZATIONNAME = Sani;
				TargetAttributes = {
					2203BA0D23EE2533007105AF = {
						CreatedOnToolsVersion = 11.3.1;
					};
					2203BA1C23EE2539007105AF = {
						CreatedOnToolsVersion = 11.3.1;
						TestTargetID = 2203BA0D23EE2533007105AF;
					};
					2203BA2723EE2539007105AF = {
						CreatedOnToolsVersion = 11.3.1;
						TestTargetID = 2203BA0D23EE2533007105AF;
					};
				};
			};
			buildConfigurationList = 2203BA0923EE2532007105AF /* Build configuration list for PBXProject "ContactsManager" */;
			compatibilityVersion = "Xcode 9.3";
			developmentRegion = en;
			hasScannedForEncodings = 0;
			knownRegions = (
				en,
				Base,
			);
			mainGroup = 2203BA0523EE2532007105AF;
			productRefGroup = 2203BA0F23EE2533007105AF /* Products */;
			projectDirPath = "";
			projectRoot = "";
			targets = (
				2203BA0D23EE2533007105AF /* ContactsManager */,
				2203BA1C23EE2539007105AF /* ContactsManagerTests */,
				2203BA2723EE2539007105AF /* ContactsManagerUITests */,
			);
		};
/* End PBXProject section */

/* Begin PBXResourcesBuildPhase section */
		2203BA0C23EE2533007105AF /* Resources */ = {
			isa = PBXResourcesBuildPhase;
			buildActionMask = 2147483647;
			files = (
				228125D823EE96300037236E /* ContactEntryViewController.xib in Resources */,
				222B4F5D2413D05200CF620A /* ContactListViewController.xib in Resources */,
				2203BA1423EE2539007105AF /* Assets.xcassets in Resources */,
				228125D423EE90530037236E /* EntryFieldTableViewCell.xib in Resources */,
				222B4F532413A21900CF620A /* data.json in Resources */,
				222B4F652413DADF00CF620A /* ContactListCell.xib in Resources */,
				2203BA1723EE2539007105AF /* LaunchScreen.storyboard in Resources */,
			);
			runOnlyForDeploymentPostprocessing = 0;
		};
		2203BA1B23EE2539007105AF /* Resources */ = {
			isa = PBXResourcesBuildPhase;
			buildActionMask = 2147483647;
			files = (
			);
			runOnlyForDeploymentPostprocessing = 0;
		};
		2203BA2623EE2539007105AF /* Resources */ = {
			isa = PBXResourcesBuildPhase;
			buildActionMask = 2147483647;
			files = (
			);
			runOnlyForDeploymentPostprocessing = 0;
		};
/* End PBXResourcesBuildPhase section */

/* Begin PBXSourcesBuildPhase section */
		2203BA0A23EE2533007105AF /* Sources */ = {
			isa = PBXSourcesBuildPhase;
			buildActionMask = 2147483647;
			files = (
				228125DA23EF7EA90037236E /* ContactEntryPresenter.swift in Sources */,
				22D6E25126E47F830075469A /* UIColor+BrandColor.swift in Sources */,
				2203BA3C23EE2A69007105AF /* Contact.swift in Sources */,
				222B4F552413A3D200CF620A /* ContactsService.swift in Sources */,
				222B4F582413CF6600CF620A /* ContactListCoordinator.swift in Sources */,
				228125CA23EE5A880037236E /* EntryField.swift in Sources */,
				222B4F5F2413D3DB00CF620A /* ContactListPresenter.swift in Sources */,
				222B4F682413DF6A00CF620A /* CircleView.swift in Sources */,
				2203BA1223EE2533007105AF /* AppDelegate.swift in Sources */,
				228125D323EE90530037236E /* EntryFieldTableViewCell.swift in Sources */,
				228125CC23EE5A940037236E /* EntryGroup.swift in Sources */,
				222B4F612413D56700CF620A /* ContactListModel.swift in Sources */,
				222B4F642413DADF00CF620A /* ContactListCell.swift in Sources */,
				228125D723EE96300037236E /* ContactEntryViewController.swift in Sources */,
				228125C823EE5A460037236E /* ContactEntryModel.swift in Sources */,
				222B4F5C2413D05200CF620A /* ContactListViewController.swift in Sources */,
				22D6E25326E480E10075469A /* OrangeDotTableHeaderView.swift in Sources */,
			);
			runOnlyForDeploymentPostprocessing = 0;
		};
		2203BA1923EE2539007105AF /* Sources */ = {
			isa = PBXSourcesBuildPhase;
			buildActionMask = 2147483647;
			files = (
				228125DC23EF82570037236E /* ContactEntryPresenterTests.swift in Sources */,
				228125D023EE5B340037236E /* ContactEntryModelTests.swift in Sources */,
				2203BA3E23EE2A9C007105AF /* ContactTests.swift in Sources */,
				222B4F502413A10900CF620A /* ContactsServiceTests.swift in Sources */,
			);
			runOnlyForDeploymentPostprocessing = 0;
		};
		2203BA2423EE2539007105AF /* Sources */ = {
			isa = PBXSourcesBuildPhase;
			buildActionMask = 2147483647;
			files = (
				2203BA2D23EE2539007105AF /* ContactsEntryViewControllerUITests.swift in Sources */,
			);
			runOnlyForDeploymentPostprocessing = 0;
		};
/* End PBXSourcesBuildPhase section */

/* Begin PBXTargetDependency section */
		2203BA1F23EE2539007105AF /* PBXTargetDependency */ = {
			isa = PBXTargetDependency;
			target = 2203BA0D23EE2533007105AF /* ContactsManager */;
			targetProxy = 2203BA1E23EE2539007105AF /* PBXContainerItemProxy */;
		};
		2203BA2A23EE2539007105AF /* PBXTargetDependency */ = {
			isa = PBXTargetDependency;
			target = 2203BA0D23EE2533007105AF /* ContactsManager */;
			targetProxy = 2203BA2923EE2539007105AF /* PBXContainerItemProxy */;
		};
/* End PBXTargetDependency section */

/* Begin PBXVariantGroup section */
		2203BA1523EE2539007105AF /* LaunchScreen.storyboard */ = {
			isa = PBXVariantGroup;
			children = (
				2203BA1623EE2539007105AF /* Base */,
			);
			name = LaunchScreen.storyboard;
			sourceTree = "<group>";
		};
/* End PBXVariantGroup section */

/* Begin XCBuildConfiguration section */
		2203BA2F23EE2539007105AF /* Debug */ = {
			isa = XCBuildConfiguration;
			buildSettings = {
				ALWAYS_SEARCH_USER_PATHS = NO;
				CLANG_ANALYZER_NONNULL = YES;
				CLANG_ANALYZER_NUMBER_OBJECT_CONVERSION = YES_AGGRESSIVE;
				CLANG_CXX_LANGUAGE_STANDARD = "gnu++14";
				CLANG_CXX_LIBRARY = "libc++";
				CLANG_ENABLE_MODULES = YES;
				CLANG_ENABLE_OBJC_ARC = YES;
				CLANG_ENABLE_OBJC_WEAK = YES;
				CLANG_WARN_BLOCK_CAPTURE_AUTORELEASING = YES;
				CLANG_WARN_BOOL_CONVERSION = YES;
				CLANG_WARN_COMMA = YES;
				CLANG_WARN_CONSTANT_CONVERSION = YES;
				CLANG_WARN_DEPRECATED_OBJC_IMPLEMENTATIONS = YES;
				CLANG_WARN_DIRECT_OBJC_ISA_USAGE = YES_ERROR;
				CLANG_WARN_DOCUMENTATION_COMMENTS = YES;
				CLANG_WARN_EMPTY_BODY = YES;
				CLANG_WARN_ENUM_CONVERSION = YES;
				CLANG_WARN_INFINITE_RECURSION = YES;
				CLANG_WARN_INT_CONVERSION = YES;
				CLANG_WARN_NON_LITERAL_NULL_CONVERSION = YES;
				CLANG_WARN_OBJC_IMPLICIT_RETAIN_SELF = YES;
				CLANG_WARN_OBJC_LITERAL_CONVERSION = YES;
				CLANG_WARN_OBJC_ROOT_CLASS = YES_ERROR;
				CLANG_WARN_QUOTED_INCLUDE_IN_FRAMEWORK_HEADER = YES;
				CLANG_WARN_RANGE_LOOP_ANALYSIS = YES;
				CLANG_WARN_STRICT_PROTOTYPES = YES;
				CLANG_WARN_SUSPICIOUS_MOVE = YES;
				CLANG_WARN_UNGUARDED_AVAILABILITY = YES_AGGRESSIVE;
				CLANG_WARN_UNREACHABLE_CODE = YES;
				CLANG_WARN__DUPLICATE_METHOD_MATCH = YES;
				COPY_PHASE_STRIP = NO;
				DEBUG_INFORMATION_FORMAT = dwarf;
				ENABLE_STRICT_OBJC_MSGSEND = YES;
				ENABLE_TESTABILITY = YES;
				GCC_C_LANGUAGE_STANDARD = gnu11;
				GCC_DYNAMIC_NO_PIC = NO;
				GCC_NO_COMMON_BLOCKS = YES;
				GCC_OPTIMIZATION_LEVEL = 0;
				GCC_PREPROCESSOR_DEFINITIONS = (
					"DEBUG=1",
					"$(inherited)",
				);
				GCC_WARN_64_TO_32_BIT_CONVERSION = YES;
				GCC_WARN_ABOUT_RETURN_TYPE = YES_ERROR;
				GCC_WARN_UNDECLARED_SELECTOR = YES;
				GCC_WARN_UNINITIALIZED_AUTOS = YES_AGGRESSIVE;
				GCC_WARN_UNUSED_FUNCTION = YES;
				GCC_WARN_UNUSED_VARIABLE = YES;
				IPHONEOS_DEPLOYMENT_TARGET = 13.2;
				MTL_ENABLE_DEBUG_INFO = INCLUDE_SOURCE;
				MTL_FAST_MATH = YES;
				ONLY_ACTIVE_ARCH = YES;
				SDKROOT = iphoneos;
				SWIFT_ACTIVE_COMPILATION_CONDITIONS = DEBUG;
				SWIFT_OPTIMIZATION_LEVEL = "-Onone";
			};
			name = Debug;
		};
		2203BA3023EE2539007105AF /* Release */ = {
			isa = XCBuildConfiguration;
			buildSettings = {
				ALWAYS_SEARCH_USER_PATHS = NO;
				CLANG_ANALYZER_NONNULL = YES;
				CLANG_ANALYZER_NUMBER_OBJECT_CONVERSION = YES_AGGRESSIVE;
				CLANG_CXX_LANGUAGE_STANDARD = "gnu++14";
				CLANG_CXX_LIBRARY = "libc++";
				CLANG_ENABLE_MODULES = YES;
				CLANG_ENABLE_OBJC_ARC = YES;
				CLANG_ENABLE_OBJC_WEAK = YES;
				CLANG_WARN_BLOCK_CAPTURE_AUTORELEASING = YES;
				CLANG_WARN_BOOL_CONVERSION = YES;
				CLANG_WARN_COMMA = YES;
				CLANG_WARN_CONSTANT_CONVERSION = YES;
				CLANG_WARN_DEPRECATED_OBJC_IMPLEMENTATIONS = YES;
				CLANG_WARN_DIRECT_OBJC_ISA_USAGE = YES_ERROR;
				CLANG_WARN_DOCUMENTATION_COMMENTS = YES;
				CLANG_WARN_EMPTY_BODY = YES;
				CLANG_WARN_ENUM_CONVERSION = YES;
				CLANG_WARN_INFINITE_RECURSION = YES;
				CLANG_WARN_INT_CONVERSION = YES;
				CLANG_WARN_NON_LITERAL_NULL_CONVERSION = YES;
				CLANG_WARN_OBJC_IMPLICIT_RETAIN_SELF = YES;
				CLANG_WARN_OBJC_LITERAL_CONVERSION = YES;
				CLANG_WARN_OBJC_ROOT_CLASS = YES_ERROR;
				CLANG_WARN_QUOTED_INCLUDE_IN_FRAMEWORK_HEADER = YES;
				CLANG_WARN_RANGE_LOOP_ANALYSIS = YES;
				CLANG_WARN_STRICT_PROTOTYPES = YES;
				CLANG_WARN_SUSPICIOUS_MOVE = YES;
				CLANG_WARN_UNGUARDED_AVAILABILITY = YES_AGGRESSIVE;
				CLANG_WARN_UNREACHABLE_CODE = YES;
				CLANG_WARN__DUPLICATE_METHOD_MATCH = YES;
				COPY_PHASE_STRIP = NO;
				DEBUG_INFORMATION_FORMAT = "dwarf-with-dsym";
				ENABLE_NS_ASSERTIONS = NO;
				ENABLE_STRICT_OBJC_MSGSEND = YES;
				GCC_C_LANGUAGE_STANDARD = gnu11;
				GCC_NO_COMMON_BLOCKS = YES;
				GCC_WARN_64_TO_32_BIT_CONVERSION = YES;
				GCC_WARN_ABOUT_RETURN_TYPE = YES_ERROR;
				GCC_WARN_UNDECLARED_SELECTOR = YES;
				GCC_WARN_UNINITIALIZED_AUTOS = YES_AGGRESSIVE;
				GCC_WARN_UNUSED_FUNCTION = YES;
				GCC_WARN_UNUSED_VARIABLE = YES;
				IPHONEOS_DEPLOYMENT_TARGET = 13.2;
				MTL_ENABLE_DEBUG_INFO = NO;
				MTL_FAST_MATH = YES;
				SDKROOT = iphoneos;
				SWIFT_COMPILATION_MODE = wholemodule;
				SWIFT_OPTIMIZATION_LEVEL = "-O";
				VALIDATE_PRODUCT = YES;
			};
			name = Release;
		};
		2203BA3223EE2539007105AF /* Debug */ = {
			isa = XCBuildConfiguration;
			buildSettings = {
				ASSETCATALOG_COMPILER_APPICON_NAME = AppIcon;
				CODE_SIGN_STYLE = Automatic;
				DEVELOPMENT_TEAM = ZWNS9Y7FJU;
				INFOPLIST_FILE = ContactsManager/Info.plist;
				LD_RUNPATH_SEARCH_PATHS = (
					"$(inherited)",
					"@executable_path/Frameworks",
				);
				PRODUCT_BUNDLE_IDENTIFIER = com.abd.sani.ContactsManager;
				PRODUCT_NAME = "$(TARGET_NAME)";
				SWIFT_VERSION = 5.0;
				TARGETED_DEVICE_FAMILY = 1;
			};
			name = Debug;
		};
		2203BA3323EE2539007105AF /* Release */ = {
			isa = XCBuildConfiguration;
			buildSettings = {
				ASSETCATALOG_COMPILER_APPICON_NAME = AppIcon;
				CODE_SIGN_STYLE = Automatic;
				DEVELOPMENT_TEAM = ZWNS9Y7FJU;
				INFOPLIST_FILE = ContactsManager/Info.plist;
				LD_RUNPATH_SEARCH_PATHS = (
					"$(inherited)",
					"@executable_path/Frameworks",
				);
				PRODUCT_BUNDLE_IDENTIFIER = com.abd.sani.ContactsManager;
				PRODUCT_NAME = "$(TARGET_NAME)";
				SWIFT_VERSION = 5.0;
				TARGETED_DEVICE_FAMILY = 1;
			};
			name = Release;
		};
		2203BA3523EE2539007105AF /* Debug */ = {
			isa = XCBuildConfiguration;
			buildSettings = {
				ALWAYS_EMBED_SWIFT_STANDARD_LIBRARIES = YES;
				BUNDLE_LOADER = "$(TEST_HOST)";
				CODE_SIGN_STYLE = Automatic;
				DEVELOPMENT_TEAM = ZWNS9Y7FJU;
				INFOPLIST_FILE = ContactsManagerTests/Info.plist;
				IPHONEOS_DEPLOYMENT_TARGET = 13.2;
				LD_RUNPATH_SEARCH_PATHS = (
					"$(inherited)",
					"@executable_path/Frameworks",
					"@loader_path/Frameworks",
				);
				PRODUCT_BUNDLE_IDENTIFIER = com.abd.sani.ContactsManagerTests;
				PRODUCT_NAME = "$(TARGET_NAME)";
				SWIFT_VERSION = 5.0;
				TARGETED_DEVICE_FAMILY = "1,2";
				TEST_HOST = "$(BUILT_PRODUCTS_DIR)/ContactsManager.app/ContactsManager";
			};
			name = Debug;
		};
		2203BA3623EE2539007105AF /* Release */ = {
			isa = XCBuildConfiguration;
			buildSettings = {
				ALWAYS_EMBED_SWIFT_STANDARD_LIBRARIES = YES;
				BUNDLE_LOADER = "$(TEST_HOST)";
				CODE_SIGN_STYLE = Automatic;
				DEVELOPMENT_TEAM = ZWNS9Y7FJU;
				INFOPLIST_FILE = ContactsManagerTests/Info.plist;
				IPHONEOS_DEPLOYMENT_TARGET = 13.2;
				LD_RUNPATH_SEARCH_PATHS = (
					"$(inherited)",
					"@executable_path/Frameworks",
					"@loader_path/Frameworks",
				);
				PRODUCT_BUNDLE_IDENTIFIER = com.abd.sani.ContactsManagerTests;
				PRODUCT_NAME = "$(TARGET_NAME)";
				SWIFT_VERSION = 5.0;
				TARGETED_DEVICE_FAMILY = "1,2";
				TEST_HOST = "$(BUILT_PRODUCTS_DIR)/ContactsManager.app/ContactsManager";
			};
			name = Release;
		};
		2203BA3823EE2539007105AF /* Debug */ = {
			isa = XCBuildConfiguration;
			buildSettings = {
				ALWAYS_EMBED_SWIFT_STANDARD_LIBRARIES = YES;
				CODE_SIGN_STYLE = Automatic;
				DEVELOPMENT_TEAM = ZWNS9Y7FJU;
				INFOPLIST_FILE = ContactsManagerUITests/Info.plist;
				LD_RUNPATH_SEARCH_PATHS = (
					"$(inherited)",
					"@executable_path/Frameworks",
					"@loader_path/Frameworks",
				);
				PRODUCT_BUNDLE_IDENTIFIER = com.abd.sani.ContactsManagerUITests;
				PRODUCT_NAME = "$(TARGET_NAME)";
				SWIFT_VERSION = 5.0;
				TARGETED_DEVICE_FAMILY = "1,2";
				TEST_TARGET_NAME = ContactsManager;
			};
			name = Debug;
		};
		2203BA3923EE2539007105AF /* Release */ = {
			isa = XCBuildConfiguration;
			buildSettings = {
				ALWAYS_EMBED_SWIFT_STANDARD_LIBRARIES = YES;
				CODE_SIGN_STYLE = Automatic;
				DEVELOPMENT_TEAM = ZWNS9Y7FJU;
				INFOPLIST_FILE = ContactsManagerUITests/Info.plist;
				LD_RUNPATH_SEARCH_PATHS = (
					"$(inherited)",
					"@executable_path/Frameworks",
					"@loader_path/Frameworks",
				);
				PRODUCT_BUNDLE_IDENTIFIER = com.abd.sani.ContactsManagerUITests;
				PRODUCT_NAME = "$(TARGET_NAME)";
				SWIFT_VERSION = 5.0;
				TARGETED_DEVICE_FAMILY = "1,2";
				TEST_TARGET_NAME = ContactsManager;
			};
			name = Release;
		};
/* End XCBuildConfiguration section */

/* Begin XCConfigurationList section */
		2203BA0923EE2532007105AF /* Build configuration list for PBXProject "ContactsManager" */ = {
			isa = XCConfigurationList;
			buildConfigurations = (
				2203BA2F23EE2539007105AF /* Debug */,
				2203BA3023EE2539007105AF /* Release */,
			);
			defaultConfigurationIsVisible = 0;
			defaultConfigurationName = Release;
		};
		2203BA3123EE2539007105AF /* Build configuration list for PBXNativeTarget "ContactsManager" */ = {
			isa = XCConfigurationList;
			buildConfigurations = (
				2203BA3223EE2539007105AF /* Debug */,
				2203BA3323EE2539007105AF /* Release */,
			);
			defaultConfigurationIsVisible = 0;
			defaultConfigurationName = Release;
		};
		2203BA3423EE2539007105AF /* Build configuration list for PBXNativeTarget "ContactsManagerTests" */ = {
			isa = XCConfigurationList;
			buildConfigurations = (
				2203BA3523EE2539007105AF /* Debug */,
				2203BA3623EE2539007105AF /* Release */,
			);
			defaultConfigurationIsVisible = 0;
			defaultConfigurationName = Release;
		};
		2203BA3723EE2539007105AF /* Build configuration list for PBXNativeTarget "ContactsManagerUITests" */ = {
			isa = XCConfigurationList;
			buildConfigurations = (
				2203BA3823EE2539007105AF /* Debug */,
				2203BA3923EE2539007105AF /* Release */,
			);
			defaultConfigurationIsVisible = 0;
			defaultConfigurationName = Release;
		};
/* End XCConfigurationList section */
	};
	rootObject = 2203BA0623EE2532007105AF /* Project object */;
}
